// !$*UTF8*$!
{
	archiveVersion = 1;
	classes = {
	};
	objectVersion = 56;
	objects = {

/* Begin PBXBuildFile section */
		AF64C7CE291BE1CC000CC741 /* SampleAppApp.swift in Sources */ = {isa = PBXBuildFile; fileRef = AF64C7CD291BE1CC000CC741 /* SampleAppApp.swift */; };
		AF64C7D0291BE1CC000CC741 /* ContentView.swift in Sources */ = {isa = PBXBuildFile; fileRef = AF64C7CF291BE1CC000CC741 /* ContentView.swift */; };
		AF64C7D2291BE1CC000CC741 /* Assets.xcassets in Resources */ = {isa = PBXBuildFile; fileRef = AF64C7D1291BE1CC000CC741 /* Assets.xcassets */; };
		AF64C7D6291BE1CC000CC741 /* Preview Assets.xcassets in Resources */ = {isa = PBXBuildFile; fileRef = AF64C7D5291BE1CC000CC741 /* Preview Assets.xcassets */; };
		AF64C7E0291BE1CD000CC741 /* SampleAppTests.swift in Sources */ = {isa = PBXBuildFile; fileRef = AF64C7DF291BE1CD000CC741 /* SampleAppTests.swift */; };
		AF64C7EA291BE1CD000CC741 /* SampleAppUITests.swift in Sources */ = {isa = PBXBuildFile; fileRef = AF64C7E9291BE1CD000CC741 /* SampleAppUITests.swift */; };
		AF64C7EC291BE1CD000CC741 /* SampleAppUITestsLaunchTests.swift in Sources */ = {isa = PBXBuildFile; fileRef = AF64C7EB291BE1CD000CC741 /* SampleAppUITestsLaunchTests.swift */; };
/* End PBXBuildFile section */

/* Begin PBXContainerItemProxy section */
		AF64C7DC291BE1CD000CC741 /* PBXContainerItemProxy */ = {
			isa = PBXContainerItemProxy;
			containerPortal = AF64C7C2291BE1CC000CC741 /* Project object */;
			proxyType = 1;
			remoteGlobalIDString = AF64C7C9291BE1CC000CC741;
			remoteInfo = SampleApp;
		};
		AF64C7E6291BE1CD000CC741 /* PBXContainerItemProxy */ = {
			isa = PBXContainerItemProxy;
			containerPortal = AF64C7C2291BE1CC000CC741 /* Project object */;
			proxyType = 1;
			remoteGlobalIDString = AF64C7C9291BE1CC000CC741;
			remoteInfo = SampleApp;
		};
/* End PBXContainerItemProxy section */

/* Begin PBXFileReference section */
		AF64C7CA291BE1CC000CC741 /* SampleApp.app */ = {isa = PBXFileReference; explicitFileType = wrapper.application; includeInIndex = 0; path = SampleApp.app; sourceTree = BUILT_PRODUCTS_DIR; };
		AF64C7CD291BE1CC000CC741 /* SampleAppApp.swift */ = {isa = PBXFileReference; lastKnownFileType = sourcecode.swift; path = SampleAppApp.swift; sourceTree = "<group>"; };
		AF64C7CF291BE1CC000CC741 /* ContentView.swift */ = {isa = PBXFileReference; lastKnownFileType = sourcecode.swift; path = ContentView.swift; sourceTree = "<group>"; };
		AF64C7D1291BE1CC000CC741 /* Assets.xcassets */ = {isa = PBXFileReference; lastKnownFileType = folder.assetcatalog; path = Assets.xcassets; sourceTree = "<group>"; };
		AF64C7D3291BE1CC000CC741 /* SampleApp.entitlements */ = {isa = PBXFileReference; lastKnownFileType = text.plist.entitlements; path = SampleApp.entitlements; sourceTree = "<group>"; };
		AF64C7D5291BE1CC000CC741 /* Preview Assets.xcassets */ = {isa = PBXFileReference; lastKnownFileType = folder.assetcatalog; path = "Preview Assets.xcassets"; sourceTree = "<group>"; };
		AF64C7DB291BE1CD000CC741 /* SampleAppTests.xctest */ = {isa = PBXFileReference; explicitFileType = wrapper.cfbundle; includeInIndex = 0; path = SampleAppTests.xctest; sourceTree = BUILT_PRODUCTS_DIR; };
		AF64C7DF291BE1CD000CC741 /* SampleAppTests.swift */ = {isa = PBXFileReference; lastKnownFileType = sourcecode.swift; path = SampleAppTests.swift; sourceTree = "<group>"; };
		AF64C7E5291BE1CD000CC741 /* SampleAppUITests.xctest */ = {isa = PBXFileReference; explicitFileType = wrapper.cfbundle; includeInIndex = 0; path = SampleAppUITests.xctest; sourceTree = BUILT_PRODUCTS_DIR; };
		AF64C7E9291BE1CD000CC741 /* SampleAppUITests.swift */ = {isa = PBXFileReference; lastKnownFileType = sourcecode.swift; path = SampleAppUITests.swift; sourceTree = "<group>"; };
		AF64C7EB291BE1CD000CC741 /* SampleAppUITestsLaunchTests.swift */ = {isa = PBXFileReference; lastKnownFileType = sourcecode.swift; path = SampleAppUITestsLaunchTests.swift; sourceTree = "<group>"; };
/* End PBXFileReference section */

/* Begin PBXFrameworksBuildPhase section */
		AF64C7C7291BE1CC000CC741 /* Frameworks */ = {
			isa = PBXFrameworksBuildPhase;
			buildActionMask = 2147483647;
			files = (
			);
			runOnlyForDeploymentPostprocessing = 0;
		};
		AF64C7D8291BE1CD000CC741 /* Frameworks */ = {
			isa = PBXFrameworksBuildPhase;
			buildActionMask = 2147483647;
			files = (
			);
			runOnlyForDeploymentPostprocessing = 0;
		};
		AF64C7E2291BE1CD000CC741 /* Frameworks */ = {
			isa = PBXFrameworksBuildPhase;
			buildActionMask = 2147483647;
			files = (
			);
			runOnlyForDeploymentPostprocessing = 0;
		};
/* End PBXFrameworksBuildPhase section */

/* Begin PBXGroup section */
		AF64C7C1291BE1CC000CC741 = {
			isa = PBXGroup;
			children = (
				AF64C7CC291BE1CC000CC741 /* SampleApp */,
				AF64C7DE291BE1CD000CC741 /* SampleAppTests */,
				AF64C7E8291BE1CD000CC741 /* SampleAppUITests */,
				AF64C7CB291BE1CC000CC741 /* Products */,
			);
			sourceTree = "<group>";
		};
		AF64C7CB291BE1CC000CC741 /* Products */ = {
			isa = PBXGroup;
			children = (
				AF64C7CA291BE1CC000CC741 /* SampleApp.app */,
				AF64C7DB291BE1CD000CC741 /* SampleAppTests.xctest */,
				AF64C7E5291BE1CD000CC741 /* SampleAppUITests.xctest */,
			);
			name = Products;
			sourceTree = "<group>";
		};
		AF64C7CC291BE1CC000CC741 /* SampleApp */ = {
			isa = PBXGroup;
			children = (
				AF64C7CD291BE1CC000CC741 /* SampleAppApp.swift */,
				AF64C7CF291BE1CC000CC741 /* ContentView.swift */,
				AF64C7D1291BE1CC000CC741 /* Assets.xcassets */,
				AF64C7D3291BE1CC000CC741 /* SampleApp.entitlements */,
				AF64C7D4291BE1CC000CC741 /* Preview Content */,
			);
			path = SampleApp;
			sourceTree = "<group>";
		};
		AF64C7D4291BE1CC000CC741 /* Preview Content */ = {
			isa = PBXGroup;
			children = (
				AF64C7D5291BE1CC000CC741 /* Preview Assets.xcassets */,
			);
			path = "Preview Content";
			sourceTree = "<group>";
		};
		AF64C7DE291BE1CD000CC741 /* SampleAppTests */ = {
			isa = PBXGroup;
			children = (
				AF64C7DF291BE1CD000CC741 /* SampleAppTests.swift */,
			);
			path = SampleAppTests;
			sourceTree = "<group>";
		};
		AF64C7E8291BE1CD000CC741 /* SampleAppUITests */ = {
			isa = PBXGroup;
			children = (
				AF64C7E9291BE1CD000CC741 /* SampleAppUITests.swift */,
				AF64C7EB291BE1CD000CC741 /* SampleAppUITestsLaunchTests.swift */,
			);
			path = SampleAppUITests;
			sourceTree = "<group>";
		};
/* End PBXGroup section */

/* Begin PBXNativeTarget section */
		AF64C7C9291BE1CC000CC741 /* SampleApp */ = {
			isa = PBXNativeTarget;
			buildConfigurationList = AF64C7EF291BE1CD000CC741 /* Build configuration list for PBXNativeTarget "SampleApp" */;
			buildPhases = (
				AF64C7C6291BE1CC000CC741 /* Sources */,
				AF64C7C7291BE1CC000CC741 /* Frameworks */,
				AF64C7C8291BE1CC000CC741 /* Resources */,
			);
			buildRules = (
			);
			dependencies = (
			);
			name = SampleApp;
			productName = SampleApp;
			productReference = AF64C7CA291BE1CC000CC741 /* SampleApp.app */;
			productType = "com.apple.product-type.application";
		};
		AF64C7DA291BE1CD000CC741 /* SampleAppTests */ = {
			isa = PBXNativeTarget;
			buildConfigurationList = AF64C7F2291BE1CD000CC741 /* Build configuration list for PBXNativeTarget "SampleAppTests" */;
			buildPhases = (
				AF64C7D7291BE1CD000CC741 /* Sources */,
				AF64C7D8291BE1CD000CC741 /* Frameworks */,
				AF64C7D9291BE1CD000CC741 /* Resources */,
			);
			buildRules = (
			);
			dependencies = (
				AF64C7DD291BE1CD000CC741 /* PBXTargetDependency */,
			);
			name = SampleAppTests;
			productName = SampleAppTests;
			productReference = AF64C7DB291BE1CD000CC741 /* SampleAppTests.xctest */;
			productType = "com.apple.product-type.bundle.unit-test";
		};
		AF64C7E4291BE1CD000CC741 /* SampleAppUITests */ = {
			isa = PBXNativeTarget;
			buildConfigurationList = AF64C7F5291BE1CD000CC741 /* Build configuration list for PBXNativeTarget "SampleAppUITests" */;
			buildPhases = (
				AF64C7E1291BE1CD000CC741 /* Sources */,
				AF64C7E2291BE1CD000CC741 /* Frameworks */,
				AF64C7E3291BE1CD000CC741 /* Resources */,
			);
			buildRules = (
			);
			dependencies = (
				AF64C7E7291BE1CD000CC741 /* PBXTargetDependency */,
			);
			name = SampleAppUITests;
			productName = SampleAppUITests;
			productReference = AF64C7E5291BE1CD000CC741 /* SampleAppUITests.xctest */;
			productType = "com.apple.product-type.bundle.ui-testing";
		};
/* End PBXNativeTarget section */

/* Begin PBXProject section */
		AF64C7C2291BE1CC000CC741 /* Project object */ = {
			isa = PBXProject;
			attributes = {
				BuildIndependentTargetsInParallel = 1;
				LastSwiftUpdateCheck = 1410;
				LastUpgradeCheck = 1410;
				TargetAttributes = {
					AF64C7C9291BE1CC000CC741 = {
						CreatedOnToolsVersion = 14.1;
					};
					AF64C7DA291BE1CD000CC741 = {
						CreatedOnToolsVersion = 14.1;
						TestTargetID = AF64C7C9291BE1CC000CC741;
					};
					AF64C7E4291BE1CD000CC741 = {
						CreatedOnToolsVersion = 14.1;
						TestTargetID = AF64C7C9291BE1CC000CC741;
					};
				};
			};
			buildConfigurationList = AF64C7C5291BE1CC000CC741 /* Build configuration list for PBXProject "SampleApp" */;
			compatibilityVersion = "Xcode 14.0";
			developmentRegion = en;
			hasScannedForEncodings = 0;
			knownRegions = (
				en,
				Base,
			);
			mainGroup = AF64C7C1291BE1CC000CC741;
			productRefGroup = AF64C7CB291BE1CC000CC741 /* Products */;
			projectDirPath = "";
			projectRoot = "";
			targets = (
				AF64C7C9291BE1CC000CC741 /* SampleApp */,
				AF64C7DA291BE1CD000CC741 /* SampleAppTests */,
				AF64C7E4291BE1CD000CC741 /* SampleAppUITests */,
			);
		};
/* End PBXProject section */

/* Begin PBXResourcesBuildPhase section */
		AF64C7C8291BE1CC000CC741 /* Resources */ = {
			isa = PBXResourcesBuildPhase;
			buildActionMask = 2147483647;
			files = (
				AF64C7D6291BE1CC000CC741 /* Preview Assets.xcassets in Resources */,
				AF64C7D2291BE1CC000CC741 /* Assets.xcassets in Resources */,
			);
			runOnlyForDeploymentPostprocessing = 0;
		};
		AF64C7D9291BE1CD000CC741 /* Resources */ = {
			isa = PBXResourcesBuildPhase;
			buildActionMask = 2147483647;
			files = (
			);
			runOnlyForDeploymentPostprocessing = 0;
		};
		AF64C7E3291BE1CD000CC741 /* Resources */ = {
			isa = PBXResourcesBuildPhase;
			buildActionMask = 2147483647;
			files = (
			);
			runOnlyForDeploymentPostprocessing = 0;
		};
/* End PBXResourcesBuildPhase section */

/* Begin PBXSourcesBuildPhase section */
		AF64C7C6291BE1CC000CC741 /* Sources */ = {
			isa = PBXSourcesBuildPhase;
			buildActionMask = 2147483647;
			files = (
				AF64C7D0291BE1CC000CC741 /* ContentView.swift in Sources */,
				AF64C7CE291BE1CC000CC741 /* SampleAppApp.swift in Sources */,
			);
			runOnlyForDeploymentPostprocessing = 0;
		};
		AF64C7D7291BE1CD000CC741 /* Sources */ = {
			isa = PBXSourcesBuildPhase;
			buildActionMask = 2147483647;
			files = (
				AF64C7E0291BE1CD000CC741 /* SampleAppTests.swift in Sources */,
			);
			runOnlyForDeploymentPostprocessing = 0;
		};
		AF64C7E1291BE1CD000CC741 /* Sources */ = {
			isa = PBXSourcesBuildPhase;
			buildActionMask = 2147483647;
			files = (
				AF64C7EC291BE1CD000CC741 /* SampleAppUITestsLaunchTests.swift in Sources */,
				AF64C7EA291BE1CD000CC741 /* SampleAppUITests.swift in Sources */,
			);
			runOnlyForDeploymentPostprocessing = 0;
		};
/* End PBXSourcesBuildPhase section */

/* Begin PBXTargetDependency section */
		AF64C7DD291BE1CD000CC741 /* PBXTargetDependency */ = {
			isa = PBXTargetDependency;
			target = AF64C7C9291BE1CC000CC741 /* SampleApp */;
			targetProxy = AF64C7DC291BE1CD000CC741 /* PBXContainerItemProxy */;
		};
		AF64C7E7291BE1CD000CC741 /* PBXTargetDependency */ = {
			isa = PBXTargetDependency;
			target = AF64C7C9291BE1CC000CC741 /* SampleApp */;
			targetProxy = AF64C7E6291BE1CD000CC741 /* PBXContainerItemProxy */;
		};
/* End PBXTargetDependency section */

/* Begin XCBuildConfiguration section */
		AF64C7ED291BE1CD000CC741 /* Debug */ = {
			isa = XCBuildConfiguration;
			buildSettings = {
				ALWAYS_SEARCH_USER_PATHS = NO;
				CLANG_ANALYZER_NONNULL = YES;
				CLANG_ANALYZER_NUMBER_OBJECT_CONVERSION = YES_AGGRESSIVE;
				CLANG_CXX_LANGUAGE_STANDARD = "gnu++20";
				CLANG_ENABLE_MODULES = YES;
				CLANG_ENABLE_OBJC_ARC = YES;
				CLANG_ENABLE_OBJC_WEAK = YES;
				CLANG_WARN_BLOCK_CAPTURE_AUTORELEASING = YES;
				CLANG_WARN_BOOL_CONVERSION = YES;
				CLANG_WARN_COMMA = YES;
				CLANG_WARN_CONSTANT_CONVERSION = YES;
				CLANG_WARN_DEPRECATED_OBJC_IMPLEMENTATIONS = YES;
				CLANG_WARN_DIRECT_OBJC_ISA_USAGE = YES_ERROR;
				CLANG_WARN_DOCUMENTATION_COMMENTS = YES;
				CLANG_WARN_EMPTY_BODY = YES;
				CLANG_WARN_ENUM_CONVERSION = YES;
				CLANG_WARN_INFINITE_RECURSION = YES;
				CLANG_WARN_INT_CONVERSION = YES;
				CLANG_WARN_NON_LITERAL_NULL_CONVERSION = YES;
				CLANG_WARN_OBJC_IMPLICIT_RETAIN_SELF = YES;
				CLANG_WARN_OBJC_LITERAL_CONVERSION = YES;
				CLANG_WARN_OBJC_ROOT_CLASS = YES_ERROR;
				CLANG_WARN_QUOTED_INCLUDE_IN_FRAMEWORK_HEADER = YES;
				CLANG_WARN_RANGE_LOOP_ANALYSIS = YES;
				CLANG_WARN_STRICT_PROTOTYPES = YES;
				CLANG_WARN_SUSPICIOUS_MOVE = YES;
				CLANG_WARN_UNGUARDED_AVAILABILITY = YES_AGGRESSIVE;
				CLANG_WARN_UNREACHABLE_CODE = YES;
				CLANG_WARN__DUPLICATE_METHOD_MATCH = YES;
				COPY_PHASE_STRIP = NO;
				DEBUG_INFORMATION_FORMAT = dwarf;
				ENABLE_STRICT_OBJC_MSGSEND = YES;
				ENABLE_TESTABILITY = YES;
				GCC_C_LANGUAGE_STANDARD = gnu11;
				GCC_DYNAMIC_NO_PIC = NO;
				GCC_NO_COMMON_BLOCKS = YES;
				GCC_OPTIMIZATION_LEVEL = 0;
				GCC_PREPROCESSOR_DEFINITIONS = (
					"DEBUG=1",
					"$(inherited)",
				);
				GCC_WARN_64_TO_32_BIT_CONVERSION = YES;
				GCC_WARN_ABOUT_RETURN_TYPE = YES_ERROR;
				GCC_WARN_UNDECLARED_SELECTOR = YES;
				GCC_WARN_UNINITIALIZED_AUTOS = YES_AGGRESSIVE;
				GCC_WARN_UNUSED_FUNCTION = YES;
				GCC_WARN_UNUSED_VARIABLE = YES;
				MTL_ENABLE_DEBUG_INFO = INCLUDE_SOURCE;
				MTL_FAST_MATH = YES;
				ONLY_ACTIVE_ARCH = YES;
				SWIFT_ACTIVE_COMPILATION_CONDITIONS = DEBUG;
				SWIFT_OPTIMIZATION_LEVEL = "-Onone";
			};
			name = Debug;
		};
		AF64C7EE291BE1CD000CC741 /* Release */ = {
			isa = XCBuildConfiguration;
			buildSettings = {
				ALWAYS_SEARCH_USER_PATHS = NO;
				CLANG_ANALYZER_NONNULL = YES;
				CLANG_ANALYZER_NUMBER_OBJECT_CONVERSION = YES_AGGRESSIVE;
				CLANG_CXX_LANGUAGE_STANDARD = "gnu++20";
				CLANG_ENABLE_MODULES = YES;
				CLANG_ENABLE_OBJC_ARC = YES;
				CLANG_ENABLE_OBJC_WEAK = YES;
				CLANG_WARN_BLOCK_CAPTURE_AUTORELEASING = YES;
				CLANG_WARN_BOOL_CONVERSION = YES;
				CLANG_WARN_COMMA = YES;
				CLANG_WARN_CONSTANT_CONVERSION = YES;
				CLANG_WARN_DEPRECATED_OBJC_IMPLEMENTATIONS = YES;
				CLANG_WARN_DIRECT_OBJC_ISA_USAGE = YES_ERROR;
				CLANG_WARN_DOCUMENTATION_COMMENTS = YES;
				CLANG_WARN_EMPTY_BODY = YES;
				CLANG_WARN_ENUM_CONVERSION = YES;
				CLANG_WARN_INFINITE_RECURSION = YES;
				CLANG_WARN_INT_CONVERSION = YES;
				CLANG_WARN_NON_LITERAL_NULL_CONVERSION = YES;
				CLANG_WARN_OBJC_IMPLICIT_RETAIN_SELF = YES;
				CLANG_WARN_OBJC_LITERAL_CONVERSION = YES;
				CLANG_WARN_OBJC_ROOT_CLASS = YES_ERROR;
				CLANG_WARN_QUOTED_INCLUDE_IN_FRAMEWORK_HEADER = YES;
				CLANG_WARN_RANGE_LOOP_ANALYSIS = YES;
				CLANG_WARN_STRICT_PROTOTYPES = YES;
				CLANG_WARN_SUSPICIOUS_MOVE = YES;
				CLANG_WARN_UNGUARDED_AVAILABILITY = YES_AGGRESSIVE;
				CLANG_WARN_UNREACHABLE_CODE = YES;
				CLANG_WARN__DUPLICATE_METHOD_MATCH = YES;
				COPY_PHASE_STRIP = NO;
				DEBUG_INFORMATION_FORMAT = "dwarf-with-dsym";
				ENABLE_NS_ASSERTIONS = NO;
				ENABLE_STRICT_OBJC_MSGSEND = YES;
				GCC_C_LANGUAGE_STANDARD = gnu11;
				GCC_NO_COMMON_BLOCKS = YES;
				GCC_WARN_64_TO_32_BIT_CONVERSION = YES;
				GCC_WARN_ABOUT_RETURN_TYPE = YES_ERROR;
				GCC_WARN_UNDECLARED_SELECTOR = YES;
				GCC_WARN_UNINITIALIZED_AUTOS = YES_AGGRESSIVE;
				GCC_WARN_UNUSED_FUNCTION = YES;
				GCC_WARN_UNUSED_VARIABLE = YES;
				MTL_ENABLE_DEBUG_INFO = NO;
				MTL_FAST_MATH = YES;
				SWIFT_COMPILATION_MODE = wholemodule;
				SWIFT_OPTIMIZATION_LEVEL = "-O";
			};
			name = Release;
		};
		AF64C7F0291BE1CD000CC741 /* Debug */ = {
			isa = XCBuildConfiguration;
			buildSettings = {
				ASSETCATALOG_COMPILER_APPICON_NAME = AppIcon;
				ASSETCATALOG_COMPILER_GLOBAL_ACCENT_COLOR_NAME = AccentColor;
				CODE_SIGN_ENTITLEMENTS = SampleApp/SampleApp.entitlements;
				CODE_SIGN_STYLE = Automatic;
				CURRENT_PROJECT_VERSION = 1;
				DEVELOPMENT_ASSET_PATHS = "\"SampleApp/Preview Content\"";
				DEVELOPMENT_TEAM = CYBP6629R4;
				ENABLE_HARDENED_RUNTIME = YES;
				ENABLE_PREVIEWS = YES;
				GENERATE_INFOPLIST_FILE = YES;
				"INFOPLIST_KEY_UIApplicationSceneManifest_Generation[sdk=iphoneos*]" = YES;
				"INFOPLIST_KEY_UIApplicationSceneManifest_Generation[sdk=iphonesimulator*]" = YES;
				"INFOPLIST_KEY_UIApplicationSupportsIndirectInputEvents[sdk=iphoneos*]" = YES;
				"INFOPLIST_KEY_UIApplicationSupportsIndirectInputEvents[sdk=iphonesimulator*]" = YES;
				"INFOPLIST_KEY_UILaunchScreen_Generation[sdk=iphoneos*]" = YES;
				"INFOPLIST_KEY_UILaunchScreen_Generation[sdk=iphonesimulator*]" = YES;
				"INFOPLIST_KEY_UIStatusBarStyle[sdk=iphoneos*]" = UIStatusBarStyleDefault;
				"INFOPLIST_KEY_UIStatusBarStyle[sdk=iphonesimulator*]" = UIStatusBarStyleDefault;
				INFOPLIST_KEY_UISupportedInterfaceOrientations_iPad = "UIInterfaceOrientationPortrait UIInterfaceOrientationPortraitUpsideDown UIInterfaceOrientationLandscapeLeft UIInterfaceOrientationLandscapeRight";
				INFOPLIST_KEY_UISupportedInterfaceOrientations_iPhone = "UIInterfaceOrientationPortrait UIInterfaceOrientationLandscapeLeft UIInterfaceOrientationLandscapeRight";
				IPHONEOS_DEPLOYMENT_TARGET = 16.1;
				LD_RUNPATH_SEARCH_PATHS = "@executable_path/Frameworks";
				"LD_RUNPATH_SEARCH_PATHS[sdk=macosx*]" = "@executable_path/../Frameworks";
				MACOSX_DEPLOYMENT_TARGET = 13.0;
				MARKETING_VERSION = 1.0;
				PRODUCT_BUNDLE_IDENTIFIER = com.dawnhealth.samleapp.SampleApp;
				PRODUCT_NAME = "$(TARGET_NAME)";
				SDKROOT = auto;
				SUPPORTED_PLATFORMS = "iphoneos iphonesimulator macosx";
				SWIFT_EMIT_LOC_STRINGS = YES;
				SWIFT_VERSION = 5.0;
				TARGETED_DEVICE_FAMILY = "1,2";
			};
			name = Debug;
		};
		AF64C7F1291BE1CD000CC741 /* Release */ = {
			isa = XCBuildConfiguration;
			buildSettings = {
				ASSETCATALOG_COMPILER_APPICON_NAME = AppIcon;
				ASSETCATALOG_COMPILER_GLOBAL_ACCENT_COLOR_NAME = AccentColor;
				CODE_SIGN_ENTITLEMENTS = SampleApp/SampleApp.entitlements;
				CODE_SIGN_STYLE = Automatic;
				CURRENT_PROJECT_VERSION = 1;
				DEVELOPMENT_ASSET_PATHS = "\"SampleApp/Preview Content\"";
				DEVELOPMENT_TEAM = CYBP6629R4;
				ENABLE_HARDENED_RUNTIME = YES;
				ENABLE_PREVIEWS = YES;
				GENERATE_INFOPLIST_FILE = YES;
				"INFOPLIST_KEY_UIApplicationSceneManifest_Generation[sdk=iphoneos*]" = YES;
				"INFOPLIST_KEY_UIApplicationSceneManifest_Generation[sdk=iphonesimulator*]" = YES;
				"INFOPLIST_KEY_UIApplicationSupportsIndirectInputEvents[sdk=iphoneos*]" = YES;
				"INFOPLIST_KEY_UIApplicationSupportsIndirectInputEvents[sdk=iphonesimulator*]" = YES;
				"INFOPLIST_KEY_UILaunchScreen_Generation[sdk=iphoneos*]" = YES;
				"INFOPLIST_KEY_UILaunchScreen_Generation[sdk=iphonesimulator*]" = YES;
				"INFOPLIST_KEY_UIStatusBarStyle[sdk=iphoneos*]" = UIStatusBarStyleDefault;
				"INFOPLIST_KEY_UIStatusBarStyle[sdk=iphonesimulator*]" = UIStatusBarStyleDefault;
				INFOPLIST_KEY_UISupportedInterfaceOrientations_iPad = "UIInterfaceOrientationPortrait UIInterfaceOrientationPortraitUpsideDown UIInterfaceOrientationLandscapeLeft UIInterfaceOrientationLandscapeRight";
				INFOPLIST_KEY_UISupportedInterfaceOrientations_iPhone = "UIInterfaceOrientationPortrait UIInterfaceOrientationLandscapeLeft UIInterfaceOrientationLandscapeRight";
				IPHONEOS_DEPLOYMENT_TARGET = 16.1;
				LD_RUNPATH_SEARCH_PATHS = "@executable_path/Frameworks";
				"LD_RUNPATH_SEARCH_PATHS[sdk=macosx*]" = "@executable_path/../Frameworks";
				MACOSX_DEPLOYMENT_TARGET = 13.0;
				MARKETING_VERSION = 1.0;
				PRODUCT_BUNDLE_IDENTIFIER = com.dawnhealth.samleapp.SampleApp;
				PRODUCT_NAME = "$(TARGET_NAME)";
				SDKROOT = auto;
				SUPPORTED_PLATFORMS = "iphoneos iphonesimulator macosx";
				SWIFT_EMIT_LOC_STRINGS = YES;
				SWIFT_VERSION = 5.0;
				TARGETED_DEVICE_FAMILY = "1,2";
			};
			name = Release;
		};
		AF64C7F3291BE1CD000CC741 /* Debug */ = {
			isa = XCBuildConfiguration;
			buildSettings = {
				ALWAYS_EMBED_SWIFT_STANDARD_LIBRARIES = YES;
				BUNDLE_LOADER = "$(TEST_HOST)";
				CODE_SIGN_STYLE = Automatic;
				CURRENT_PROJECT_VERSION = 1;
				DEVELOPMENT_TEAM = CYBP6629R4;
				GENERATE_INFOPLIST_FILE = YES;
				IPHONEOS_DEPLOYMENT_TARGET = 16.1;
				MACOSX_DEPLOYMENT_TARGET = 13.0;
				MARKETING_VERSION = 1.0;
				PRODUCT_BUNDLE_IDENTIFIER = com.dawnhealth.samleapp.SampleAppTests;
				PRODUCT_NAME = "$(TARGET_NAME)";
				SDKROOT = auto;
				SUPPORTED_PLATFORMS = "iphoneos iphonesimulator macosx";
				SWIFT_EMIT_LOC_STRINGS = NO;
				SWIFT_VERSION = 5.0;
				TARGETED_DEVICE_FAMILY = "1,2";
				TEST_HOST = "$(BUILT_PRODUCTS_DIR)/SampleApp.app/$(BUNDLE_EXECUTABLE_FOLDER_PATH)/SampleApp";
			};
			name = Debug;
		};
		AF64C7F4291BE1CD000CC741 /* Release */ = {
			isa = XCBuildConfiguration;
			buildSettings = {
				ALWAYS_EMBED_SWIFT_STANDARD_LIBRARIES = YES;
				BUNDLE_LOADER = "$(TEST_HOST)";
				CODE_SIGN_STYLE = Automatic;
				CURRENT_PROJECT_VERSION = 1;
				DEVELOPMENT_TEAM = CYBP6629R4;
				GENERATE_INFOPLIST_FILE = YES;
				IPHONEOS_DEPLOYMENT_TARGET = 16.1;
				MACOSX_DEPLOYMENT_TARGET = 13.0;
				MARKETING_VERSION = 1.0;
				PRODUCT_BUNDLE_IDENTIFIER = com.dawnhealth.samleapp.SampleAppTests;
				PRODUCT_NAME = "$(TARGET_NAME)";
				SDKROOT = auto;
				SUPPORTED_PLATFORMS = "iphoneos iphonesimulator macosx";
				SWIFT_EMIT_LOC_STRINGS = NO;
				SWIFT_VERSION = 5.0;
				TARGETED_DEVICE_FAMILY = "1,2";
				TEST_HOST = "$(BUILT_PRODUCTS_DIR)/SampleApp.app/$(BUNDLE_EXECUTABLE_FOLDER_PATH)/SampleApp";
			};
			name = Release;
		};
		AF64C7F6291BE1CD000CC741 /* Debug */ = {
			isa = XCBuildConfiguration;
			buildSettings = {
				ALWAYS_EMBED_SWIFT_STANDARD_LIBRARIES = YES;
				CODE_SIGN_STYLE = Automatic;
				CURRENT_PROJECT_VERSION = 1;
				DEVELOPMENT_TEAM = CYBP6629R4;
				GENERATE_INFOPLIST_FILE = YES;
				IPHONEOS_DEPLOYMENT_TARGET = 16.1;
				MACOSX_DEPLOYMENT_TARGET = 13.0;
				MARKETING_VERSION = 1.0;
				PRODUCT_BUNDLE_IDENTIFIER = com.dawnhealth.samleapp.SampleAppUITests;
				PRODUCT_NAME = "$(TARGET_NAME)";
				SDKROOT = auto;
				SUPPORTED_PLATFORMS = "iphoneos iphonesimulator macosx";
				SWIFT_EMIT_LOC_STRINGS = NO;
				SWIFT_VERSION = 5.0;
				TARGETED_DEVICE_FAMILY = "1,2";
				TEST_TARGET_NAME = SampleApp;
			};
			name = Debug;
		};
		AF64C7F7291BE1CD000CC741 /* Release */ = {
			isa = XCBuildConfiguration;
			buildSettings = {
				ALWAYS_EMBED_SWIFT_STANDARD_LIBRARIES = YES;
				CODE_SIGN_STYLE = Automatic;
				CURRENT_PROJECT_VERSION = 1;
				DEVELOPMENT_TEAM = CYBP6629R4;
				GENERATE_INFOPLIST_FILE = YES;
				IPHONEOS_DEPLOYMENT_TARGET = 16.1;
				MACOSX_DEPLOYMENT_TARGET = 13.0;
				MARKETING_VERSION = 1.0;
				PRODUCT_BUNDLE_IDENTIFIER = com.dawnhealth.samleapp.SampleAppUITests;
				PRODUCT_NAME = "$(TARGET_NAME)";
				SDKROOT = auto;
				SUPPORTED_PLATFORMS = "iphoneos iphonesimulator macosx";
				SWIFT_EMIT_LOC_STRINGS = NO;
				SWIFT_VERSION = 5.0;
				TARGETED_DEVICE_FAMILY = "1,2";
				TEST_TARGET_NAME = SampleApp;
			};
			name = Release;
		};
/* End XCBuildConfiguration section */

/* Begin XCConfigurationList section */
		AF64C7C5291BE1CC000CC741 /* Build configuration list for PBXProject "SampleApp" */ = {
			isa = XCConfigurationList;
			buildConfigurations = (
				AF64C7ED291BE1CD000CC741 /* Debug */,
				AF64C7EE291BE1CD000CC741 /* Release */,
			);
			defaultConfigurationIsVisible = 0;
			defaultConfigurationName = Release;
		};
		AF64C7EF291BE1CD000CC741 /* Build configuration list for PBXNativeTarget "SampleApp" */ = {
			isa = XCConfigurationList;
			buildConfigurations = (
				AF64C7F0291BE1CD000CC741 /* Debug */,
				AF64C7F1291BE1CD000CC741 /* Release */,
			);
			defaultConfigurationIsVisible = 0;
			defaultConfigurationName = Release;
		};
		AF64C7F2291BE1CD000CC741 /* Build configuration list for PBXNativeTarget "SampleAppTests" */ = {
			isa = XCConfigurationList;
			buildConfigurations = (
				AF64C7F3291BE1CD000CC741 /* Debug */,
				AF64C7F4291BE1CD000CC741 /* Release */,
			);
			defaultConfigurationIsVisible = 0;
			defaultConfigurationName = Release;
		};
		AF64C7F5291BE1CD000CC741 /* Build configuration list for PBXNativeTarget "SampleAppUITests" */ = {
			isa = XCConfigurationList;
			buildConfigurations = (
				AF64C7F6291BE1CD000CC741 /* Debug */,
				AF64C7F7291BE1CD000CC741 /* Release */,
			);
			defaultConfigurationIsVisible = 0;
			defaultConfigurationName = Release;
		};
/* End XCConfigurationList section */
	};
	rootObject = AF64C7C2291BE1CC000CC741 /* Project object */;
}
